
Microsoft Visual Studio Solution File, Format Version 12.00
# Visual Studio Version 16
VisualStudioVersion = 25.0.1706.9
MinimumVisualStudioVersion = 10.0.40219.1
Project("{FAE04EC0-301F-11D3-BF4B-00C04F79EFBC}") = "date time", "date time\date time.csproj", "{C03FEACB-1EAD-41C0-A553-E8A4385409AD}"
EndProject
Global
	GlobalSection(SolutionConfigurationPlatforms) = preSolution
		Debug|Any CPU = Debug|Any CPU
		Release|Any CPU = Release|Any CPU
	EndGlobalSection
	GlobalSection(ProjectConfigurationPlatforms) = postSolution
		{C03FEACB-1EAD-41C0-A553-E8A4385409AD}.Debug|Any CPU.ActiveCfg = Debug|Any CPU
		{C03FEACB-1EAD-41C0-A553-E8A4385409AD}.Debug|Any CPU.Build.0 = Debug|Any CPU
		{C03FEACB-1EAD-41C0-A553-E8A4385409AD}.Release|Any CPU.ActiveCfg = Release|Any CPU
		{C03FEACB-1EAD-41C0-A553-E8A4385409AD}.Release|Any CPU.Build.0 = Release|Any CPU
	EndGlobalSection
	GlobalSection(SolutionProperties) = preSolution
		HideSolutionNode = FALSE
	EndGlobalSection
	GlobalSection(ExtensibilityGlobals) = postSolution
		SolutionGuid = {B9EB357D-D3CC-4A92-92FA-61D0CD4F7BA5}
	EndGlobalSection
EndGlobal
